
Microsoft Visual Studio Solution File, Format Version 12.00
Project("{FAE04EC0-301F-11D3-BF4B-00C04F79EFBC}") = "groceries.api", "groceries.api\groceries.api.csproj", "{871C2A6E-AE23-4589-92F3-11DCC7CF8A20}"
EndProject
Global
	GlobalSection(SolutionConfigurationPlatforms) = preSolution
		Debug|Any CPU = Debug|Any CPU
		Release|Any CPU = Release|Any CPU
	EndGlobalSection
	GlobalSection(ProjectConfigurationPlatforms) = postSolution
		{871C2A6E-AE23-4589-92F3-11DCC7CF8A20}.Debug|Any CPU.ActiveCfg = Debug|Any CPU
		{871C2A6E-AE23-4589-92F3-11DCC7CF8A20}.Debug|Any CPU.Build.0 = Debug|Any CPU
		{871C2A6E-AE23-4589-92F3-11DCC7CF8A20}.Release|Any CPU.ActiveCfg = Release|Any CPU
		{871C2A6E-AE23-4589-92F3-11DCC7CF8A20}.Release|Any CPU.Build.0 = Release|Any CPU
	EndGlobalSection
EndGlobal
